
Microsoft Visual Studio Solution File, Format Version 12.00
# Visual Studio Version 16
VisualStudioVersion = 16.0.30320.27
MinimumVisualStudioVersion = 10.0.40219.1
Project("{FAE04EC0-301F-11D3-BF4B-00C04F79EFBC}") = "BestWordInScrabble", "BestWordInScrabble\BestWordInScrabble.csproj", "{9F80A2B4-E341-4C70-B6F7-2ECB821E0C2A}"
EndProject
Project("{FAE04EC0-301F-11D3-BF4B-00C04F79EFBC}") = "BestWordInSrcrabble.UnitTests", "BestWordInSrcrabble.UnitTests\BestWordInSrcrabble.UnitTests.csproj", "{E5AA09D6-A0EA-4AE3-8C16-872E0AB6BAF6}"
EndProject
Global
	GlobalSection(SolutionConfigurationPlatforms) = preSolution
		Debug|Any CPU = Debug|Any CPU
		Release|Any CPU = Release|Any CPU
	EndGlobalSection
	GlobalSection(ProjectConfigurationPlatforms) = postSolution
		{9F80A2B4-E341-4C70-B6F7-2ECB821E0C2A}.Debug|Any CPU.ActiveCfg = Debug|Any CPU
		{9F80A2B4-E341-4C70-B6F7-2ECB821E0C2A}.Debug|Any CPU.Build.0 = Debug|Any CPU
		{9F80A2B4-E341-4C70-B6F7-2ECB821E0C2A}.Release|Any CPU.ActiveCfg = Release|Any CPU
		{9F80A2B4-E341-4C70-B6F7-2ECB821E0C2A}.Release|Any CPU.Build.0 = Release|Any CPU
		{E5AA09D6-A0EA-4AE3-8C16-872E0AB6BAF6}.Debug|Any CPU.ActiveCfg = Debug|Any CPU
		{E5AA09D6-A0EA-4AE3-8C16-872E0AB6BAF6}.Debug|Any CPU.Build.0 = Debug|Any CPU
		{E5AA09D6-A0EA-4AE3-8C16-872E0AB6BAF6}.Release|Any CPU.ActiveCfg = Release|Any CPU
		{E5AA09D6-A0EA-4AE3-8C16-872E0AB6BAF6}.Release|Any CPU.Build.0 = Release|Any CPU
	EndGlobalSection
	GlobalSection(SolutionProperties) = preSolution
		HideSolutionNode = FALSE
	EndGlobalSection
	GlobalSection(ExtensibilityGlobals) = postSolution
		SolutionGuid = {45A3DF4F-18C5-4A77-8362-077C67EE30D3}
	EndGlobalSection
EndGlobal
